{
  "version": 4,
  "terraform_version": "1.8.2",
  "serial": 4,
  "lineage": "c7d95afb-6f34-5d47-3d25-d8ec1197521f",
  "outputs": {},
  "resources": [
    {
      "mode": "data",
      "type": "google_project",
      "name": "service_project",
      "provider": "provider[\"registry.terraform.io/hashicorp/google\"]",
      "instances": [
        {
          "schema_version": 0,
          "attributes": {
            "auto_create_network": null,
            "billing_account": "01809D-FDA679-3EB3E7",
            "deletion_policy": "DELETE",
            "effective_labels": {},
            "folder_id": null,
            "id": "projects/ornate-node-483516-e3",
            "labels": {},
            "name": "My First Project",
            "number": "333782127962",
            "org_id": null,
            "project_id": "ornate-node-483516-e3",
            "skip_delete": null,
            "terraform_labels": {}
          },
          "sensitive_attributes": []
        }
      ]
    },
    {
      "mode": "managed",
      "type": "google_project_iam_member",
      "name": "project_network_user",
      "provider": "provider[\"registry.terraform.io/hashicorp/google\"]",
      "instances": [
        {
          "schema_version": 0,
          "attributes": {
            "condition": [],
            "etag": "BwZMQC0zkGA=",
            "id": "theta-signal-418711/roles/compute.networkUser/serviceAccount:333782127962@cloudservices.gserviceaccount.com",
            "member": "serviceAccount:333782127962@cloudservices.gserviceaccount.com",
            "project": "theta-signal-418711",
            "role": "roles/compute.networkUser"
          },
          "sensitive_attributes": [],
          "private": "bnVsbA==",
          "dependencies": [
            "data.google_project.service_project"
          ]
        }
      ]
    }
  ],
  "check_results": null
}
